{
    "_meta": {
        "hash": {
            "sha256": "3593e569b7d8163081b419d9ec3713ecb6d1be5ecff9e5c8a96adad99c793f98"
        },
        "pipfile-spec": 6,
        "requires": {},
        "sources": [
            {
                "name": "pypi",
                "url": "https://pypi.python.org/simple",
                "verify_ssl": true
            }
        ]
    },
    "default": {
        "babel": {
            "hashes": [
                "sha256:1aac2ae2d0d8ea368fa90906567f5c08463d98ade155c0c4bfedd6a0f7160e38",
                "sha256:d670ea0b10f8b723672d3a6abeb87b565b244da220d76b4dba1b66269ec152d4"
            ],
            "version": "==2.8.0"
        },
        "certifi": {
            "hashes": [
                "sha256:5930595817496dd21bb8dc35dad090f1c2cd0adfaf21204bf6732ca5d8ee34d3",
                "sha256:8fc0819f1f30ba15bdb34cceffb9ef04d99f420f68eb75d901e9560b8749fc41"
            ],
            "version": "==2020.6.20"
        },
        "chardet": {
            "hashes": [
                "sha256:84ab92ed1c4d4f16916e05906b6b75a6c0fb5db821cc65e70cbd64a3e2a5eaae",
                "sha256:fc323ffcaeaed0e0a02bf4d117757b98aed530d9ed4531e3e15460124c106691"
            ],
            "version": "==3.0.4"
        },
        "dj-database-url": {
            "hashes": [
                "sha256:4aeaeb1f573c74835b0686a2b46b85990571159ffc21aa57ecd4d1e1cb334163",
                "sha256:851785365761ebe4994a921b433062309eb882fedd318e1b0fcecc607ed02da9"
            ],
            "index": "pypi",
            "version": "==0.5.0"
        },
        "django": {
            "hashes": [
                "sha256:84f370f6acedbe1f3c41e1a02de44ac206efda3355e427139ecb785b5f596d80",
                "sha256:e8fe3c2b2212dce6126becab7a693157f1a441a07b62ec994c046c76af5bb66d"
            ],
            "index": "pypi",
            "version": "==2.2.13"
        },
        "django-localflavor": {
            "hashes": [
                "sha256:24e9a03bc11ced92365821d3cfdd96eb4e2f3e44a6f40e86c645d3e0ec65ec53",
                "sha256:3c3034dc64a1f7e5efd9eb53d653af905c20482d438c0e8b825d02e3121b86fa"
            ],
            "index": "pypi",
            "version": "==3.0.1"
        },
        "django-phonenumber-field": {
            "hashes": [
                "sha256:2ca3bb0ada0ebc164bd903a981a34f1202a4294006e520b0da961bd7ce9f20a4",
                "sha256:d4580cc3352f4433962825f9927e6669852c1b40ec484fcb5a74064dabc1201a"
            ],
            "index": "pypi",
            "version": "==4.0.0"
        },
        "django-postgres-copy": {
            "hashes": [
                "sha256:9df04af234b8d3fe6f970cfce9320ae2f4e87add587f90418054f7ce8e242f9f",
                "sha256:f2f0cc2ce9e820367d233ba16e7f6192f4404a0e028447bd96af1bf242a3ccb7"
            ],
            "index": "pypi",
            "version": "==2.4.2"
        },
        "gunicorn": {
            "hashes": [
                "sha256:1904bb2b8a43658807108d59c3f3d56c2b6121a701161de0ddf9ad140073c626",
                "sha256:cd4a810dd51bf497552cf3f863b575dabd73d6ad6a91075b65936b151cbf4f9c"
            ],
            "index": "pypi",
            "version": "==20.0.4"
        },
        "idna": {
            "hashes": [
                "sha256:b307872f855b18632ce0c21c5e45be78c0ea7ae4c15c828c20788b26921eb3f6",
                "sha256:b97d804b1e9b523befed77c48dacec60e6dcb0b5391d57af6a65a312a90648c0"
            ],
            "version": "==2.10"
        },
        "phonenumberslite": {
            "hashes": [
                "sha256:6e1d31d8a5ad1fe280c3f7ba5b9c08da82245d59946ee06856712ef704f59e19",
                "sha256:7e101c2d0be6ead83e2706c355aaba236df97e9a7b78aed5bda5d4b0eee11178"
            ],
            "index": "pypi",
            "version": "==8.12.5"
        },
        "psycopg2": {
            "hashes": [
                "sha256:4212ca404c4445dc5746c0d68db27d2cbfb87b523fe233dc84ecd24062e35677",
                "sha256:47fc642bf6f427805daf52d6e52619fe0637648fe27017062d898f3bf891419d",
                "sha256:72772181d9bad1fa349792a1e7384dde56742c14af2b9986013eb94a240f005b",
                "sha256:8396be6e5ff844282d4d49b81631772f80dabae5658d432202faf101f5283b7c",
                "sha256:893c11064b347b24ecdd277a094413e1954f8a4e8cdaf7ffbe7ca3db87c103f0",
                "sha256:92a07dfd4d7c325dd177548c4134052d4842222833576c8391aab6f74038fc3f",
                "sha256:965c4c93e33e6984d8031f74e51227bd755376a9df6993774fd5b6fb3288b1f4",
                "sha256:9ab75e0b2820880ae24b7136c4d230383e07db014456a476d096591172569c38",
                "sha256:b0845e3bdd4aa18dc2f9b6fb78fbd3d9d371ad167fd6d1b7ad01c0a6cdad4fc6",
                "sha256:dca2d7203f0dfce8ea4b3efd668f8ea65cd2b35112638e488a4c12594015f67b",
                "sha256:ed686e5926929887e2c7ae0a700e32c6129abb798b4ad2b846e933de21508151",
                "sha256:ef6df7e14698e79c59c7ee7cf94cd62e5b869db369ed4b1b8f7b729ea825712a",
                "sha256:f898e5cc0a662a9e12bde6f931263a1bbd350cfb18e1d5336a12927851825bb6"
            ],
            "index": "pypi",
            "version": "==2.8.4"
        },
        "python-stdnum": {
            "hashes": [
                "sha256:120f83d33fb8b8be1b282f20dd755a892d5facf84f54fa21f75bbd2633128160",
                "sha256:3d5d4430579cba88211d3ba4855a16faff235352a25a01d6ab70024686a75823"
            ],
            "version": "==1.13"
        },
        "pytz": {
            "hashes": [
                "sha256:a494d53b6d39c3c6e44c3bec237336e14305e4f29bbf800b599253057fbb79ed",
                "sha256:c35965d010ce31b23eeb663ed3cc8c906275d6be1a34393a1d73a41febf4a048"
            ],
            "version": "==2020.1"
        },
        "requests": {
            "hashes": [
                "sha256:43999036bfa82904b6af1d99e4882b560e5e2c68e5c4b0aa03b655f3d7d73fee",
                "sha256:b3f43d496c6daba4493e7c431722aeb7dbc6288f52a6e04e7b6023b0247817e6"
            ],
            "index": "pypi",
            "version": "==2.23.0"
        },
        "sentry-sdk": {
            "hashes": [
                "sha256:0e5e947d0f7a969314aa23669a94a9712be5a688ff069ff7b9fc36c66adc160c",
                "sha256:799a8bf76b012e3030a881be00e97bc0b922ce35dde699c6537122b751d80e2c"
            ],
            "index": "pypi",
            "version": "==0.14.4"
        },
        "six": {
            "hashes": [
                "sha256:30639c035cdb23534cd4aa2dd52c3bf48f06e5f4a941509c8bafd8ce11080259",
                "sha256:8b74bedcbbbaca38ff6d7491d76f2b06b3592611af620f8426e82dddb04a5ced"
            ],
            "version": "==1.15.0"
        },
        "sqlparse": {
            "hashes": [
                "sha256:022fb9c87b524d1f7862b3037e541f68597a730a8843245c349fc93e1643dc4e",
                "sha256:e162203737712307dfe78860cc56c8da8a852ab2ee33750e33aeadf38d12c548"
            ],
            "version": "==0.3.1"
        },
        "unicode-slugify": {
            "hashes": [
                "sha256:34cf3afefa6480efe705a4fc0eaeeaf7f49754aec322ba3e8b2f27dc1cbcf650"
            ],
            "index": "pypi",
            "version": "==0.1.3"
        },
        "unidecode": {
            "hashes": [
                "sha256:1d7a042116536098d05d599ef2b8616759f02985c85b4fef50c78a5aaf10822a",
                "sha256:2b6aab710c2a1647e928e36d69c21e76b453cd455f4e2621000e54b2a9b8cce8"
            ],
            "version": "==1.1.1"
        },
        "urllib3": {
            "hashes": [
                "sha256:3018294ebefce6572a474f0604c2021e33b3fd8006ecd11d62107a5d2a963527",
                "sha256:88206b0eb87e6d677d424843ac5209e3fb9d0190d0ee169599165ec25e9d9115"
            ],
            "version": "==1.25.9"
        },
        "whitenoise": {
            "hashes": [
                "sha256:60154b976a13901414a25b0273a841145f77eb34a141f9ae032a0ace3e4d5b27",
                "sha256:6dd26bfda3af29177d8ab7333a0c7b7642eb615ce83764f4d15a9aecda3201c4"
            ],
            "index": "pypi",
            "version": "==5.1.0"
        }
    },
    "develop": {
        "appdirs": {
            "hashes": [
                "sha256:7d5d0167b2b1ba821647616af46a749d1c653740dd0d2415100fe26e27afdf41",
                "sha256:a841dacd6b99318a741b166adb07e19ee71a274450e68237b4650ca1055ab128"
            ],
            "version": "==1.4.4"
        },
        "asgiref": {
            "hashes": [
                "sha256:7e51911ee147dd685c3c8b805c0ad0cb58d360987b56953878f8c06d2d1c6f1a",
                "sha256:9fc6fb5d39b8af147ba40765234fa822b39818b12cc80b35ad9b0cef3a476aed"
            ],
            "version": "==3.2.10"
        },
        "attrs": {
            "hashes": [
                "sha256:08a96c641c3a74e44eb59afb61a24f2cb9f4d7188748e76ba4bb5edfa3cb7d1c",
                "sha256:f7b7ce16570fe9965acd6d30101a28f62fb4a7f9e926b3bbc9b61f8b04247e72"
            ],
            "version": "==19.3.0"
        },
        "awscli": {
            "hashes": [
                "sha256:ce100db2d57c4c8e573ed21c35f4a94641465c87912683ddf2b03e64b4bc80ce",
                "sha256:ef36c4c40784cedc89539a1138c1423b9a804ccbe58ba2a039e4bbbab3640dc5"
            ],
            "index": "pypi",
            "version": "==1.18.73"
        },
        "backcall": {
            "hashes": [
                "sha256:5cbdbf27be5e7cfadb448baf0aa95508f91f2bbc6c6437cd9cd06e2a4c215e1e",
                "sha256:fbbce6a29f263178a1f7915c1940bde0ec2b2a967566fe1c65c1dfb7422bd255"
            ],
            "version": "==0.2.0"
        },
        "black": {
            "hashes": [
                "sha256:09a9dcb7c46ed496a9850b76e4e825d6049ecd38b611f1224857a79bd985a8cf",
                "sha256:68950ffd4d9169716bcb8719a56c07a2f4485354fec061cdd5910aa07369731c"
            ],
            "index": "pypi",
            "version": "==19.3b0"
        },
        "botocore": {
            "hashes": [
                "sha256:5831068c9b49b4c91b0733e0ec784a7733d8732359d73c67a07a0b0868433cae",
                "sha256:7778957bdc9a25dd33bb4383ebd6d45a8570a2cbff03d1edf430fdacec2b7437"
            ],
            "version": "==1.16.23"
        },
        "click": {
            "hashes": [
                "sha256:d2b5255c7c6349bc1bd1e59e08cd12acbbd63ce649f2588755783aa94dfb6b1a",
                "sha256:dacca89f4bfadd5de3d7489b7c8a566eee0d3676333fbb50030263894c38c0dc"
            ],
            "version": "==7.1.2"
        },
        "colorama": {
            "hashes": [
                "sha256:7d73d2a99753107a36ac6b455ee49046802e59d9d076ef8e47b61499fa29afff",
                "sha256:e96da0d330793e2cb9485e9ddfd918d456036c7149416295932478192f4436a1"
            ],
            "markers": "python_version != '3.4'",
            "version": "==0.4.3"
        },
        "decorator": {
            "hashes": [
                "sha256:41fa54c2a0cc4ba648be4fd43cff00aedf5b9465c9bf18d64325bc225f08f760",
                "sha256:e3a62f0520172440ca0dcc823749319382e377f37f140a0b99ef45fecb84bfe7"
            ],
            "version": "==4.4.2"
        },
        "django": {
            "hashes": [
                "sha256:84f370f6acedbe1f3c41e1a02de44ac206efda3355e427139ecb785b5f596d80",
                "sha256:e8fe3c2b2212dce6126becab7a693157f1a441a07b62ec994c046c76af5bb66d"
            ],
            "index": "pypi",
            "version": "==2.2.13"
        },
        "django-debug-toolbar": {
            "hashes": [
                "sha256:eabbefe89881bbe4ca7c980ff102e3c35c8e8ad6eb725041f538988f2f39a943",
                "sha256:ff94725e7aae74b133d0599b9bf89bd4eb8f5d2c964106e61d11750228c8774c"
            ],
            "index": "pypi",
            "version": "==2.2"
        },
        "django-extensions": {
            "hashes": [
                "sha256:2f81b618ba4d1b0e58603e25012e5c74f88a4b706e0022a3b21f24f0322a6ce6",
                "sha256:b19182d101a441fe001c5753553a901e2ef3ff60e8fbbe38881eb4a61fdd17c4"
            ],
            "index": "pypi",
            "version": "==2.2.9"
        },
        "docutils": {
            "hashes": [
                "sha256:6c4f696463b79f1fb8ba0c594b63840ebd41f059e92b31957c46b74a4599b6d0",
                "sha256:9e4d7ecfc600058e07ba661411a2b7de2fd0fafa17d1a7f7361cd47b1175c827",
                "sha256:a2aeea129088da402665e92e0b25b04b073c04b2dce4ab65caaa38b7ce2e1a99"
            ],
            "version": "==0.15.2"
        },
        "entrypoints": {
            "hashes": [
                "sha256:589f874b313739ad35be6e0cd7efde2a4e9b6fea91edcc34e58ecbb8dbe56d19",
                "sha256:c70dd71abe5a8c85e55e12c19bd91ccfeec11a6e99044204511f9ed547d48451"
            ],
            "version": "==0.3"
        },
        "flake8": {
            "hashes": [
                "sha256:45681a117ecc81e870cbf1262835ae4af5e7a8b08e40b944a8a6e6b895914cfb",
                "sha256:49356e766643ad15072a789a20915d3c91dc89fd313ccd71802303fd67e4deca"
            ],
            "index": "pypi",
            "version": "==3.7.9"
        },
        "ipython": {
            "hashes": [
                "sha256:0ef1433879816a960cd3ae1ae1dc82c64732ca75cec8dab5a4e29783fb571d0e",
                "sha256:1b85d65632211bf5d3e6f1406f3393c8c429a47d7b947b9a87812aa5bce6595c"
            ],
            "index": "pypi",
            "version": "==7.15.0"
        },
        "ipython-genutils": {
            "hashes": [
                "sha256:72dd37233799e619666c9f639a9da83c34013a73e8bbc79a7a6348d93c61fab8",
                "sha256:eb2e116e75ecef9d4d228fdc66af54269afa26ab4463042e33785b887c628ba8"
            ],
            "version": "==0.2.0"
        },
        "isort": {
            "hashes": [
                "sha256:1590a5f707fa72a12d91152f2f930c648ebc8b455405fade20716fbb939d5fbd",
                "sha256:b19b7ebce5e292507afa8fab30dd666011dd5ae8f4ef2a2d431751dc84c22140"
            ],
            "index": "pypi",
            "version": "==5.1.0"
        },
        "jedi": {
            "hashes": [
                "sha256:1ddb0ec78059e8e27ec9eb5098360b4ea0a3dd840bedf21415ea820c21b40a22",
                "sha256:807d5d4f96711a2bcfdd5dfa3b1ae6d09aa53832b182090b222b5efb81f52f63"
            ],
            "version": "==0.17.1"
        },
        "jmespath": {
            "hashes": [
                "sha256:b85d0567b8666149a93172712e68920734333c0ce7e89b78b3e987f71e5ed4f9",
                "sha256:cdf6525904cc597730141d61b36f2e4b8ecc257c420fa2f4549bac2c2d0cb72f"
            ],
            "version": "==0.10.0"
        },
        "mccabe": {
            "hashes": [
                "sha256:ab8a6258860da4b6677da4bd2fe5dc2c659cff31b3ee4f7f5d64e79735b80d42",
                "sha256:dd8d182285a0fe56bace7f45b5e7d1a6ebcbf524e8f3bd87eb0f125271b8831f"
            ],
            "version": "==0.6.1"
        },
        "parso": {
            "hashes": [
                "sha256:158c140fc04112dc45bca311633ae5033c2c2a7b732fa33d0955bad8152a8dd0",
                "sha256:908e9fae2144a076d72ae4e25539143d40b8e3eafbaeae03c1bfe226f4cdf12c"
            ],
            "version": "==0.7.0"
        },
        "pexpect": {
            "hashes": [
                "sha256:0b48a55dcb3c05f3329815901ea4fc1537514d6ba867a152b581d69ae3710937",
                "sha256:fc65a43959d153d0114afe13997d439c22823a27cefceb5ff35c2178c6784c0c"
            ],
            "markers": "sys_platform != 'win32'",
            "version": "==4.8.0"
        },
        "pickleshare": {
            "hashes": [
                "sha256:87683d47965c1da65cdacaf31c8441d12b8044cdec9aca500cd78fc2c683afca",
                "sha256:9649af414d74d4df115d5d718f82acb59c9d418196b7b4290ed47a12ce62df56"
            ],
            "version": "==0.7.5"
        },
        "prompt-toolkit": {
            "hashes": [
                "sha256:563d1a4140b63ff9dd587bda9557cffb2fe73650205ab6f4383092fb882e7dc8",
                "sha256:df7e9e63aea609b1da3a65641ceaf5bc7d05e0a04de5bd45d05dbeffbabf9e04"
            ],
            "version": "==3.0.5"
        },
        "ptyprocess": {
            "hashes": [
                "sha256:923f299cc5ad920c68f2bc0bc98b75b9f838b93b599941a6b63ddbc2476394c0",
                "sha256:d7cc528d76e76342423ca640335bd3633420dc1366f258cb31d05e865ef5ca1f"
            ],
            "version": "==0.6.0"
        },
        "pyasn1": {
            "hashes": [
                "sha256:39c7e2ec30515947ff4e87fb6f456dfc6e84857d34be479c9d4a4ba4bf46aa5d",
                "sha256:aef77c9fb94a3ac588e87841208bdec464471d9871bd5050a287cc9a475cd0ba"
            ],
            "version": "==0.4.8"
        },
        "pycodestyle": {
            "hashes": [
                "sha256:95a2219d12372f05704562a14ec30bc76b05a5b297b21a5dfe3f6fac3491ae56",
                "sha256:e40a936c9a450ad81df37f549d676d127b1b66000a6c500caa2b085bc0ca976c"
            ],
            "version": "==2.5.0"
        },
        "pyflakes": {
            "hashes": [
                "sha256:17dbeb2e3f4d772725c777fabc446d5634d1038f234e77343108ce445ea69ce0",
                "sha256:d976835886f8c5b31d47970ed689944a0262b5f3afa00a5a7b4dc81e5449f8a2"
            ],
            "version": "==2.1.1"
        },
        "pygments": {
            "hashes": [
                "sha256:647344a061c249a3b74e230c739f434d7ea4d8b1d5f3721bc0f3558049b38f44",
                "sha256:ff7a40b4860b727ab48fad6360eb351cc1b33cbf9b15a0f689ca5353e9463324"
            ],
            "version": "==2.6.1"
        },
        "python-dateutil": {
            "hashes": [
                "sha256:73ebfe9dbf22e832286dafa60473e4cd239f8592f699aa5adaf10050e6e1823c",
                "sha256:75bb3f31ea686f1197762692a9ee6a7550b59fc6ca3a1f4b5d7e32fb98e2da2a"
            ],
            "version": "==2.8.1"
        },
        "pytz": {
            "hashes": [
                "sha256:a494d53b6d39c3c6e44c3bec237336e14305e4f29bbf800b599253057fbb79ed",
                "sha256:c35965d010ce31b23eeb663ed3cc8c906275d6be1a34393a1d73a41febf4a048"
            ],
            "version": "==2020.1"
        },
        "pyyaml": {
            "hashes": [
                "sha256:06a0d7ba600ce0b2d2fe2e78453a470b5a6e000a985dd4a4e54e436cc36b0e97",
                "sha256:240097ff019d7c70a4922b6869d8a86407758333f02203e0fc6ff79c5dcede76",
                "sha256:4f4b913ca1a7319b33cfb1369e91e50354d6f07a135f3b901aca02aa95940bd2",
                "sha256:69f00dca373f240f842b2931fb2c7e14ddbacd1397d57157a9b005a6a9942648",
                "sha256:73f099454b799e05e5ab51423c7bcf361c58d3206fa7b0d555426b1f4d9a3eaf",
                "sha256:74809a57b329d6cc0fdccee6318f44b9b8649961fa73144a98735b0aaf029f1f",
                "sha256:7739fc0fa8205b3ee8808aea45e968bc90082c10aef6ea95e855e10abf4a37b2",
                "sha256:95f71d2af0ff4227885f7a6605c37fd53d3a106fcab511b8860ecca9fcf400ee",
                "sha256:b8eac752c5e14d3eca0e6dd9199cd627518cb5ec06add0de9d32baeee6fe645d",
                "sha256:cc8955cfbfc7a115fa81d85284ee61147059a753344bc51098f3ccd69b0d7e0c",
                "sha256:d13155f591e6fcc1ec3b30685d50bf0711574e2c0dfffd7644babf8b5102ca1a"
            ],
            "markers": "python_version != '3.4'",
            "version": "==5.3.1"
        },
        "rsa": {
            "hashes": [
                "sha256:25df4e10c263fb88b5ace923dd84bf9aa7f5019687b5e55382ffcdb8bede9db5",
                "sha256:43f682fea81c452c98d09fc316aae12de6d30c4b5c84226642cf8f8fd1c93abd"
            ],
            "version": "==3.4.2"
        },
        "s3transfer": {
            "hashes": [
                "sha256:2482b4259524933a022d59da830f51bd746db62f047d6eb213f2f8855dcb8a13",
                "sha256:921a37e2aefc64145e7b73d50c71bb4f26f46e4c9f414dc648c6245ff92cf7db"
            ],
            "version": "==0.3.3"
        },
        "six": {
            "hashes": [
                "sha256:30639c035cdb23534cd4aa2dd52c3bf48f06e5f4a941509c8bafd8ce11080259",
                "sha256:8b74bedcbbbaca38ff6d7491d76f2b06b3592611af620f8426e82dddb04a5ced"
            ],
            "version": "==1.15.0"
        },
        "sqlparse": {
            "hashes": [
                "sha256:022fb9c87b524d1f7862b3037e541f68597a730a8843245c349fc93e1643dc4e",
                "sha256:e162203737712307dfe78860cc56c8da8a852ab2ee33750e33aeadf38d12c548"
            ],
            "version": "==0.3.1"
        },
        "toml": {
            "hashes": [
                "sha256:926b612be1e5ce0634a2ca03470f95169cf16f939018233a670519cb4ac58b0f",
                "sha256:bda89d5935c2eac546d648028b9901107a595863cb36bae0c73ac804a9b4ce88"
            ],
            "version": "==0.10.1"
        },
        "traitlets": {
            "hashes": [
                "sha256:70b4c6a1d9019d7b4f6846832288f86998aa3b9207c6821f3578a6a6a467fe44",
                "sha256:d023ee369ddd2763310e4c3eae1ff649689440d4ae59d7485eb4cfbbe3e359f7"
            ],
            "version": "==4.3.3"
        },
        "urllib3": {
            "hashes": [
                "sha256:3018294ebefce6572a474f0604c2021e33b3fd8006ecd11d62107a5d2a963527",
                "sha256:88206b0eb87e6d677d424843ac5209e3fb9d0190d0ee169599165ec25e9d9115"
            ],
            "version": "==1.25.9"
        },
        "v": {
            "hashes": [
                "sha256:2d5a8f79a36aaebe62ef2c7068e3ec7f86656078202edabfdbf74715dc822d36",
                "sha256:cd6b6b20b4a611f209c88bcdfb7211321f85662efb2bdd53a7b40314d0a84618"
            ],
            "index": "pypi",
            "version": "==0.0.0"
        },
        "wcwidth": {
            "hashes": [
                "sha256:beb4802a9cebb9144e99086eff703a642a13d6a0052920003a230f3294bbe784",
                "sha256:c4d647b99872929fdb7bdcaa4fbe7f01413ed3d98077df798530e5b04f116c83"
            ],
            "version": "==0.2.5"
        }
    }
}
