{
    "_meta": {
        "hash": {
            "sha256": "4a6b59eb214903f3b379f38097fc5a5c0b489c91e6f0aeab222c6df5a7fb43a7"
        },
        "pipfile-spec": 6,
        "requires": {},
        "sources": [
            {
                "name": "pypi",
                "url": "https://pypi.python.org/simple",
                "verify_ssl": true
            }
        ]
    },
    "default": {
        "certifi": {
            "hashes": [
                "sha256:339dc09518b07e2fa7eda5450740925974815557727d6bd35d319c1524a04a4c",
                "sha256:6d58c986d22b038c8c0df30d639f23a3e6d172a05c3583e766f4c0b785c0986a"
            ],
            "version": "==2018.10.15"
        },
        "dj-database-url": {
            "hashes": [
                "sha256:7f4c78d2a090df8dfaf56d5d3ff7bbee17360436e4879558317e2314424864cd"
            ],
            "index": "pypi",
            "version": "==0.4.1"
        },
        "django": {
            "hashes": [
                "sha256:1ffab268ada3d5684c05ba7ce776eaeedef360712358d6a6b340ae9f16486916",
                "sha256:dd46d87af4c1bf54f4c926c3cfa41dc2b5c15782f15e4329752ce65f5dad1c37"
            ],
            "index": "pypi",
            "version": "==2.1.3"
        },
        "django-localflavor": {
            "hashes": [
                "sha256:cd1347535f049a13a28d17d5ebff0d06a9bb53e500096cf74bf3b21100b78585"
            ],
            "index": "pypi",
            "version": "==1.3"
        },
        "gunicorn": {
            "hashes": [
                "sha256:723234ea1fa8dff370ab69830ba8bc37469a7cba13fd66055faeef24085e6530",
                "sha256:813f6916d18a4c8e90efde72f419308b357692f81333cb1125f80013d22fb618"
            ],
            "index": "pypi",
            "version": "==19.6.0"
        },
        "psycopg2": {
            "hashes": [
                "sha256:10e391687b171878181e71736d0effe3772314a339d9ae30995ec8171a0c834e",
                "sha256:1283f9d45e458c2dcb15ba89367923563f90ef636fe78ee22df75183484a0237",
                "sha256:1a9c32e4d140bea225f9821d993b2e53c913e717ea97b851246aa9b300095d8f",
                "sha256:1be6f2438d2b71fec7b07c3c0949dd321b04349c382907ea76b36120edec8300",
                "sha256:20ca6f29e118b8dd7133e8708b3fba2881e70a4e0841f874ed23985b7201a076",
                "sha256:227c115b3c1f65d61385e51ac690b91b584640aefb45bffacd4bd33d02ed7221",
                "sha256:27959abe64ca1fc6d8cd11a71a1f421d8287831a3262bd4cacd43bbf43cc3c82",
                "sha256:2b2daf1fe30a58300542aea679fd87d1e1c2afd36e7644837b7954fa2dbacb92",
                "sha256:36e51a51f295fdf67bcf05e7b1877011a6b39e6622b0013fe31c5025241873a3",
                "sha256:3992b9b914f2eb77dc07e8045d2ca979e491612808bc5c7cd68f307469acf9f6",
                "sha256:39a11de2335ad45ececed43ab851d36a4c52843d756471b940804f301792781e",
                "sha256:3c2afe9ef0d1649005e3ccf93c1aaccd6f8ee379530e763d3b3b77f406b7c0ae",
                "sha256:3fb18e0e52807fe3a300dc1b5421aa492d5e759550918f597d61863419482535",
                "sha256:55eab94de96ee9702f23283e9c8b03cfdb0001e2b14d5d2e1bd5ff8114b96b9f",
                "sha256:7e95c0ab7e7e6e452586f35d4d8966b1e924c8dd2c23977e3ea4968770ff1d26",
                "sha256:7f47514dbddf604f196fcfe5da955537f04691bef8124aff5632316a78d992b7",
                "sha256:8345370356bb4bddf93acbcfd0357163dd6b09471937adcfb38a2fbb49bdce53",
                "sha256:8bc6ecb220c0b88d3742042013129c817c44459795c97e9ce1bca70a3f37a53b",
                "sha256:8df623f248be15d1725faf5f333791678775047f12f17a90d29b5d22573f5cdc",
                "sha256:9645f1305e4268cc0fc88c823cd6c91de27c003e183c233a6a230e5e963039ee",
                "sha256:a68719ed5be8373dd72c9e45d55f7a202285e05a2e392eaa8872a67ea47d7d20",
                "sha256:aca0edf062ec09e954fdf0cc93d3a872362701210983a1442549e703aedec25d",
                "sha256:b0dd2114d93d8f424bb8ae76e0dc540f104b70ca9163172c05e7700b1459d4c9",
                "sha256:b2c09359d6802279efb9efb3f91a9c94567151baee95175f9b637ea628f35244",
                "sha256:ca7bc37b1efb7cc25271bf10f398462ed975d95259af1406d38fcb268466e34f",
                "sha256:e64235d9013ebf6319cb9654e08f5066112c34d8c4cc41186254ab9c3d6d5b9b",
                "sha256:ec9be679c0065667503851141c31fa699e1cc69ded3ba8e5d3673dd5a6eb1370",
                "sha256:eca00d0f91fcb44d88b12f1fd16ad138e38fa07debb79587e2b7ff1fe80d72b9",
                "sha256:f256e807b8b2b45b6af60d7f2bb5194aab2f4acc861241c4d8ef942a55f5030d",
                "sha256:fce7612a3bd6a7ba95799f88285653bf130bd7ca066b52674d5f850108b2aec0"
            ],
            "index": "pypi",
            "version": "==2.7.6.1"
        },
        "pytz": {
            "hashes": [
                "sha256:31cb35c89bd7d333cd32c5f278fca91b523b0834369e757f4c5641ea252236ca",
                "sha256:8e0f8568c118d3077b46be7d654cc8167fa916092e28320cde048e54bfc9f1e6"
            ],
            "version": "==2018.7"
        },
        "sentry-sdk": {
            "hashes": [
                "sha256:7625cfc4eb3673997a757a0f367c6899beda15e447becb6571fa95a3134c0ce8",
                "sha256:c6e045a876d78270ba596b14a2faa95e235b6d896dd681b6fdcb00b705aafaaf"
            ],
            "index": "pypi",
            "version": "==0.5.5"
        },
        "six": {
            "hashes": [
                "sha256:70e8a77beed4562e7f14fe23a786b54f6296e34344c23bc42f07b15018ff98e9",
                "sha256:832dc0e10feb1aa2c68dcc57dbb658f1c7e65b9b61af69048abc87a2db00a0eb"
            ],
            "version": "==1.11.0"
        },
        "unicode-slugify": {
            "hashes": [
                "sha256:34cf3afefa6480efe705a4fc0eaeeaf7f49754aec322ba3e8b2f27dc1cbcf650"
            ],
            "index": "pypi",
            "version": "==0.1.3"
        },
        "unidecode": {
            "hashes": [
                "sha256:092cdf7ad9d1052c50313426a625b717dab52f7ac58f859e09ea020953b1ad8f",
                "sha256:8b85354be8fd0c0e10adbf0675f6dc2310e56fda43fa8fe049123b6c475e52fb"
            ],
            "version": "==1.0.23"
        },
        "urllib3": {
            "hashes": [
                "sha256:61bf29cada3fc2fbefad4fdf059ea4bd1b4a86d2b6d15e1c7c0b582b9752fe39",
                "sha256:de9529817c93f27c8ccbfead6985011db27bd0ddfcdb2d86f3f663385c6a9c22"
            ],
            "version": "==1.24.1"
        },
        "whitenoise": {
            "hashes": [
                "sha256:90a576ecb938cfef3fd1dba0c82d10e8e9ff0acb6079d7edba64822db0e4384d",
                "sha256:e4c77cdde3f7a1cd2c1d985d6a3d7dc8aff5f3d18c2f331e7171933aacaeb440"
            ],
            "index": "pypi",
            "version": "==3.2.2"
        }
    },
    "develop": {
        "appnope": {
            "hashes": [
                "sha256:5b26757dc6f79a3b7dc9fab95359328d5747fcb2409d331ea66d0272b90ab2a0",
                "sha256:8b995ffe925347a2138d7ac0fe77155e4311a0ea6d6da4f5128fe4b3cbe5ed71"
            ],
            "markers": "sys_platform == 'darwin'",
            "version": "==0.1.0"
        },
        "awscli": {
            "hashes": [
                "sha256:25bcc6cf2304356a78429671999857ff33f88761d81bcee63463a86a6780dcdc",
                "sha256:d7556ecf8672749482351ca42691f1439c302080294bae66a0442e53cdc0dff9"
            ],
            "index": "pypi",
            "version": "==1.16.60"
        },
        "backcall": {
            "hashes": [
                "sha256:38ecd85be2c1e78f77fd91700c76e14667dc21e2713b63876c0eb901196e01e4",
                "sha256:bbbf4b1e5cd2bdb08f915895b51081c041bac22394fdfcfdfbe9f14b77c08bf2"
            ],
            "version": "==0.1.0"
        },
        "botocore": {
            "hashes": [
                "sha256:07fae5a2b8cfb5a92c1dbee3f2feb4da7c471bcead7e18ce735babe5f39e270f",
                "sha256:eeaa190f50ee05a56225ee78c64cb8bf0c3bf090ec605ca6c2f325aa3826a347"
            ],
            "version": "==1.12.50"
        },
        "colorama": {
            "hashes": [
                "sha256:463f8483208e921368c9f306094eb6f725c6ca42b0f97e313cb5d5512459feda",
                "sha256:48eb22f4f8461b1df5734a074b57042430fb06e1d61bd1e11b078c0fe6d7a1f1"
            ],
            "version": "==0.3.9"
        },
        "decorator": {
            "hashes": [
                "sha256:2c51dff8ef3c447388fe5e4453d24a2bf128d3a4c32af3fabef1f01c6851ab82",
                "sha256:c39efa13fbdeb4506c476c9b3babf6a718da943dab7811c206005a4a956c080c"
            ],
            "version": "==4.3.0"
        },
        "django": {
            "hashes": [
                "sha256:1ffab268ada3d5684c05ba7ce776eaeedef360712358d6a6b340ae9f16486916",
                "sha256:dd46d87af4c1bf54f4c926c3cfa41dc2b5c15782f15e4329752ce65f5dad1c37"
            ],
            "index": "pypi",
            "version": "==2.1.3"
        },
        "django-debug-toolbar": {
            "hashes": [
                "sha256:08e0e43f6c1fd9820af4cbdcd54b5fb80bf83a2e08b2cc952547a671174999b8",
                "sha256:1dcae28d430522debafde2602b3450eb784410b78e16c29a00448032df2a4c90"
            ],
            "index": "pypi",
            "version": "==1.10.1"
        },
        "django-extensions": {
            "hashes": [
                "sha256:30cb6a8c7d6f75a55edf0c0c4491bd98f8264ae1616ce105f9cecac4387edd07",
                "sha256:4ad86a7a5e84f1c77db030761ae87a600647250c652030a2b71a16e87f3a3d62"
            ],
            "index": "pypi",
            "version": "==2.1.3"
        },
        "docutils": {
            "hashes": [
                "sha256:02aec4bd92ab067f6ff27a38a38a41173bf01bed8f89157768c1573f53e474a6",
                "sha256:51e64ef2ebfb29cae1faa133b3710143496eca21c530f3f71424d77687764274",
                "sha256:7a4bd47eaf6596e1295ecb11361139febe29b084a87bf005bf899f9a42edc3c6"
            ],
            "version": "==0.14"
        },
        "flake8": {
            "hashes": [
                "sha256:6a35f5b8761f45c5513e3405f110a86bea57982c3b75b766ce7b65217abe1670",
                "sha256:c01f8a3963b3571a8e6bd7a4063359aff90749e160778e03817cd9b71c9e07d2"
            ],
            "index": "pypi",
            "version": "==3.6.0"
        },
        "ipython": {
            "hashes": [
                "sha256:a5781d6934a3341a1f9acb4ea5acdc7ea0a0855e689dbe755d070ca51e995435",
                "sha256:b10a7ddd03657c761fc503495bc36471c8158e3fc948573fb9fe82a7029d8efd"
            ],
            "index": "pypi",
            "version": "==7.1.1"
        },
        "ipython-genutils": {
            "hashes": [
                "sha256:72dd37233799e619666c9f639a9da83c34013a73e8bbc79a7a6348d93c61fab8",
                "sha256:eb2e116e75ecef9d4d228fdc66af54269afa26ab4463042e33785b887c628ba8"
            ],
            "version": "==0.2.0"
        },
        "isort": {
            "hashes": [
                "sha256:1153601da39a25b14ddc54955dbbacbb6b2d19135386699e2ad58517953b34af",
                "sha256:b9c40e9750f3d77e6e4d441d8b0266cf555e7cdabdcff33c4fd06366ca761ef8",
                "sha256:ec9ef8f4a9bc6f71eec99e1806bfa2de401650d996c59330782b89a5555c1497"
            ],
            "index": "pypi",
            "version": "==4.3.4"
        },
        "jedi": {
            "hashes": [
                "sha256:0191c447165f798e6a730285f2eee783fff81b0d3df261945ecb80983b5c3ca7",
                "sha256:b7493f73a2febe0dc33d51c99b474547f7f6c0b2c8fb2b21f453eef204c12148"
            ],
            "version": "==0.13.1"
        },
        "jmespath": {
            "hashes": [
                "sha256:6a81d4c9aa62caf061cb517b4d9ad1dd300374cd4706997aff9cd6aedd61fc64",
                "sha256:f11b4461f425740a1d908e9a3f7365c3d2e569f6ca68a2ff8bc5bcd9676edd63"
            ],
            "version": "==0.9.3"
        },
        "mccabe": {
            "hashes": [
                "sha256:ab8a6258860da4b6677da4bd2fe5dc2c659cff31b3ee4f7f5d64e79735b80d42",
                "sha256:dd8d182285a0fe56bace7f45b5e7d1a6ebcbf524e8f3bd87eb0f125271b8831f"
            ],
            "version": "==0.6.1"
        },
        "parso": {
            "hashes": [
                "sha256:35704a43a3c113cce4de228ddb39aab374b8004f4f2407d070b6a2ca784ce8a2",
                "sha256:895c63e93b94ac1e1690f5fdd40b65f07c8171e3e53cbd7793b5b96c0e0a7f24"
            ],
            "version": "==0.3.1"
        },
        "pexpect": {
            "hashes": [
                "sha256:2a8e88259839571d1251d278476f3eec5db26deb73a70be5ed5dc5435e418aba",
                "sha256:3fbd41d4caf27fa4a377bfd16fef87271099463e6fa73e92a52f92dfee5d425b"
            ],
            "markers": "sys_platform != 'win32'",
            "version": "==4.6.0"
        },
        "pickleshare": {
            "hashes": [
                "sha256:87683d47965c1da65cdacaf31c8441d12b8044cdec9aca500cd78fc2c683afca",
                "sha256:9649af414d74d4df115d5d718f82acb59c9d418196b7b4290ed47a12ce62df56"
            ],
            "version": "==0.7.5"
        },
        "prompt-toolkit": {
            "hashes": [
                "sha256:c1d6aff5252ab2ef391c2fe498ed8c088066f66bc64a8d5c095bbf795d9fec34",
                "sha256:d4c47f79b635a0e70b84fdb97ebd9a274203706b1ee5ed44c10da62755cf3ec9",
                "sha256:fd17048d8335c1e6d5ee403c3569953ba3eb8555d710bfc548faf0712666ea39"
            ],
            "version": "==2.0.7"
        },
        "ptyprocess": {
            "hashes": [
                "sha256:923f299cc5ad920c68f2bc0bc98b75b9f838b93b599941a6b63ddbc2476394c0",
                "sha256:d7cc528d76e76342423ca640335bd3633420dc1366f258cb31d05e865ef5ca1f"
            ],
            "version": "==0.6.0"
        },
        "pyasn1": {
            "hashes": [
                "sha256:b9d3abc5031e61927c82d4d96c1cec1e55676c1a991623cfed28faea73cdd7ca",
                "sha256:f58f2a3d12fd754aa123e9fa74fb7345333000a035f3921dbdaa08597aa53137"
            ],
            "version": "==0.4.4"
        },
        "pycodestyle": {
            "hashes": [
                "sha256:cbc619d09254895b0d12c2c691e237b2e91e9b2ecf5e84c26b35400f93dcfb83",
                "sha256:cbfca99bd594a10f674d0cd97a3d802a1fdef635d4361e1a2658de47ed261e3a"
            ],
            "version": "==2.4.0"
        },
        "pyflakes": {
            "hashes": [
                "sha256:9a7662ec724d0120012f6e29d6248ae3727d821bba522a0e6b356eff19126a49",
                "sha256:f661252913bc1dbe7fcfcbf0af0db3f42ab65aabd1a6ca68fe5d466bace94dae"
            ],
            "version": "==2.0.0"
        },
        "pygments": {
            "hashes": [
                "sha256:78f3f434bcc5d6ee09020f92ba487f95ba50f1e3ef83ae96b9d5ffa1bab25c5d",
                "sha256:dbae1046def0efb574852fab9e90209b23f556367b5a320c0bcb871c77c3e8cc"
            ],
            "version": "==2.2.0"
        },
        "python-dateutil": {
            "hashes": [
                "sha256:063df5763652e21de43de7d9e00ccf239f953a832941e37be541614732cdfc93",
                "sha256:88f9287c0174266bb0d8cedd395cfba9c58e87e5ad86b2ce58859bc11be3cf02"
            ],
            "markers": "python_version >= '2.7'",
            "version": "==2.7.5"
        },
        "pytz": {
            "hashes": [
                "sha256:31cb35c89bd7d333cd32c5f278fca91b523b0834369e757f4c5641ea252236ca",
                "sha256:8e0f8568c118d3077b46be7d654cc8167fa916092e28320cde048e54bfc9f1e6"
            ],
            "version": "==2018.7"
        },
        "pyyaml": {
            "hashes": [
                "sha256:3d7da3009c0f3e783b2c873687652d83b1bbfd5c88e9813fb7e5b03c0dd3108b",
                "sha256:3ef3092145e9b70e3ddd2c7ad59bdd0252a94dfe3949721633e41344de00a6bf",
                "sha256:40c71b8e076d0550b2e6380bada1f1cd1017b882f7e16f09a65be98e017f211a",
                "sha256:558dd60b890ba8fd982e05941927a3911dc409a63dcb8b634feaa0cda69330d3",
                "sha256:a7c28b45d9f99102fa092bb213aa12e0aaf9a6a1f5e395d36166639c1f96c3a1",
                "sha256:aa7dd4a6a427aed7df6fb7f08a580d68d9b118d90310374716ae90b710280af1",
                "sha256:bc558586e6045763782014934bfaf39d48b8ae85a2713117d16c39864085c613",
                "sha256:d46d7982b62e0729ad0175a9bc7e10a566fc07b224d2c79fafb5e032727eaa04",
                "sha256:d5eef459e30b09f5a098b9cea68bebfeb268697f78d647bd255a085371ac7f3f",
                "sha256:e01d3203230e1786cd91ccfdc8f8454c8069c91bee3962ad93b87a4b2860f537",
                "sha256:e170a9e6fcfd19021dd29845af83bb79236068bf5fd4df3327c1be18182b2531"
            ],
            "version": "==3.13"
        },
        "rsa": {
            "hashes": [
                "sha256:25df4e10c263fb88b5ace923dd84bf9aa7f5019687b5e55382ffcdb8bede9db5",
                "sha256:43f682fea81c452c98d09fc316aae12de6d30c4b5c84226642cf8f8fd1c93abd"
            ],
            "version": "==3.4.2"
        },
        "s3transfer": {
            "hashes": [
                "sha256:90dc18e028989c609146e241ea153250be451e05ecc0c2832565231dacdf59c1",
                "sha256:c7a9ec356982d5e9ab2d4b46391a7d6a950e2b04c472419f5fdec70cc0ada72f"
            ],
            "version": "==0.1.13"
        },
        "six": {
            "hashes": [
                "sha256:70e8a77beed4562e7f14fe23a786b54f6296e34344c23bc42f07b15018ff98e9",
                "sha256:832dc0e10feb1aa2c68dcc57dbb658f1c7e65b9b61af69048abc87a2db00a0eb"
            ],
            "version": "==1.11.0"
        },
        "sqlparse": {
            "hashes": [
                "sha256:ce028444cfab83be538752a2ffdb56bc417b7784ff35bb9a3062413717807dec",
                "sha256:d9cf190f51cbb26da0412247dfe4fb5f4098edb73db84e02f9fc21fdca31fed4"
            ],
            "version": "==0.2.4"
        },
        "traitlets": {
            "hashes": [
                "sha256:9c4bd2d267b7153df9152698efb1050a5d84982d3384a37b2c1f7723ba3e7835",
                "sha256:c6cb5e6f57c5a9bdaa40fa71ce7b4af30298fbab9ece9815b5d995ab6217c7d9"
            ],
            "version": "==4.3.2"
        },
        "urllib3": {
            "hashes": [
                "sha256:61bf29cada3fc2fbefad4fdf059ea4bd1b4a86d2b6d15e1c7c0b582b9752fe39",
                "sha256:de9529817c93f27c8ccbfead6985011db27bd0ddfcdb2d86f3f663385c6a9c22"
            ],
            "version": "==1.24.1"
        },
        "wcwidth": {
            "hashes": [
                "sha256:3df37372226d6e63e1b1e1eda15c594bca98a22d33a23832a90998faa96bc65e",
                "sha256:f4ebe71925af7b40a864553f761ed559b43544f8f71746c2d756c7fe788ade7c"
            ],
            "version": "==0.1.7"
        }
    }
}
